
Microsoft Visual Studio Solution File, Format Version 12.00
Project("{FAE04EC0-301F-11D3-BF4B-00C04F79EFBC}") = "Eto.DsBindComboBoxCell", "Eto.DsBindComboBoxCell\Eto.DsBindComboBoxCell.csproj", "{08482F0A-70E8-4869-B27E-14A3280684BD}"
EndProject
Project("{FAE04EC0-301F-11D3-BF4B-00C04F79EFBC}") = "Eto.DsBindComboBoxCell.Gtk", "Eto.DsBindComboBoxCell.Gtk\Eto.DsBindComboBoxCell.Gtk.csproj", "{E84AE781-33A2-4EC3-8273-1D82CCBF00E8}"
EndProject
Project("{FAE04EC0-301F-11D3-BF4B-00C04F79EFBC}") = "Eto.DsBindComboBoxCell.Wpf", "Eto.DsBindComboBoxCell.Wpf\Eto.DsBindComboBoxCell.Wpf.csproj", "{31A934E6-51C8-4CDB-B671-D76049C956A8}"
EndProject
Global
	GlobalSection(SolutionConfigurationPlatforms) = preSolution
		Debug|Any CPU = Debug|Any CPU
		Release|Any CPU = Release|Any CPU
	EndGlobalSection
	GlobalSection(ProjectConfigurationPlatforms) = postSolution
		{08482F0A-70E8-4869-B27E-14A3280684BD}.Debug|Any CPU.ActiveCfg = Debug|Any CPU
		{08482F0A-70E8-4869-B27E-14A3280684BD}.Debug|Any CPU.Build.0 = Debug|Any CPU
		{08482F0A-70E8-4869-B27E-14A3280684BD}.Release|Any CPU.ActiveCfg = Release|Any CPU
		{08482F0A-70E8-4869-B27E-14A3280684BD}.Release|Any CPU.Build.0 = Release|Any CPU
		{E84AE781-33A2-4EC3-8273-1D82CCBF00E8}.Debug|Any CPU.ActiveCfg = Debug|Any CPU
		{E84AE781-33A2-4EC3-8273-1D82CCBF00E8}.Debug|Any CPU.Build.0 = Debug|Any CPU
		{E84AE781-33A2-4EC3-8273-1D82CCBF00E8}.Release|Any CPU.ActiveCfg = Release|Any CPU
		{E84AE781-33A2-4EC3-8273-1D82CCBF00E8}.Release|Any CPU.Build.0 = Release|Any CPU
		{31A934E6-51C8-4CDB-B671-D76049C956A8}.Debug|Any CPU.ActiveCfg = Debug|Any CPU
		{31A934E6-51C8-4CDB-B671-D76049C956A8}.Debug|Any CPU.Build.0 = Debug|Any CPU
		{31A934E6-51C8-4CDB-B671-D76049C956A8}.Release|Any CPU.ActiveCfg = Release|Any CPU
		{31A934E6-51C8-4CDB-B671-D76049C956A8}.Release|Any CPU.Build.0 = Release|Any CPU
	EndGlobalSection
EndGlobal
